
Microsoft Visual Studio Solution File, Format Version 12.00
# Visual Studio Version 17
VisualStudioVersion = 17.5.33424.131
MinimumVisualStudioVersion = 10.0.40219.1
Project("{FAE04EC0-301F-11D3-BF4B-00C04F79EFBC}") = "StudentAspirant", "StudentAspirant\StudentAspirant.csproj", "{31849A84-69EF-4C34-9318-53BF4156A908}"
EndProject
Global
	GlobalSection(SolutionConfigurationPlatforms) = preSolution
		Debug|Any CPU = Debug|Any CPU
		Release|Any CPU = Release|Any CPU
	EndGlobalSection
	GlobalSection(ProjectConfigurationPlatforms) = postSolution
		{31849A84-69EF-4C34-9318-53BF4156A908}.Debug|Any CPU.ActiveCfg = Debug|Any CPU
		{31849A84-69EF-4C34-9318-53BF4156A908}.Debug|Any CPU.Build.0 = Debug|Any CPU
		{31849A84-69EF-4C34-9318-53BF4156A908}.Release|Any CPU.ActiveCfg = Release|Any CPU
		{31849A84-69EF-4C34-9318-53BF4156A908}.Release|Any CPU.Build.0 = Release|Any CPU
	EndGlobalSection
	GlobalSection(SolutionProperties) = preSolution
		HideSolutionNode = FALSE
	EndGlobalSection
	GlobalSection(ExtensibilityGlobals) = postSolution
		SolutionGuid = {AF3EF01A-2BAD-44A2-9540-C9F24159A859}
	EndGlobalSection
EndGlobal
